schema: '2.0'
stages:
  load_data:
    cmd: python src/load_data.py
    deps:
    - path: src/load_data.py
      md5: db94f13dab25164fb992831442e357e7
      size: 228
    outs:
    - path: output/data.pkl
      md5: 35353c71da0985eed8bb507bbc53bd91
      size: 54950285
  train:
    cmd: python src/train.py
    deps:
    - path: output/data.pkl
      md5: 35353c71da0985eed8bb507bbc53bd91
      size: 54950285
    - path: src/train.py
      md5: 571f46610c0d7fd94eb15493e23b6b8e
      size: 2875
    params:
      params.yaml:
        train.batch_size: 128
        train.dropout: 0.4
        train.hidden_units: 64
        train.lr: 0.01
        train.num_epochs: 3
    outs:
    - path: dvclive/metrics.json
      md5: d39904583a95f44387ac7c97f74bb634
      size: 53
    - path: dvclive/plots/metrics/accuracy.tsv
      md5: ba2defe2a0b8911aa7e33635a90d8714
      size: 77
    - path: output/model.h5
      md5: 344c0df6424dcf2ac969715e75eb2677
      size: 3681312
    - path: output/train_logs.csv
      md5: 15dfdcc949d30147c8fc02382cae87c5
      size: 140
  evaluate:
    cmd: python src/evaluate.py
    deps:
    - path: output/data.pkl
      md5: 35353c71da0985eed8bb507bbc53bd91
      size: 54950285
    - path: output/model.h5
      md5: 344c0df6424dcf2ac969715e75eb2677
      size: 3681312
    - path: src/evaluate.py
      md5: 56af2219bbc7599971432616d8afdf13
      size: 1161
    outs:
    - path: output/metrics.json
      md5: 7d0c45b12898d0bd0b1c604efda0b22d
      size: 60
    - path: output/predictions.json
      md5: 86ae8fc918ca5f5dcf10337f9235cde2
      size: 310000
